
Microsoft Visual Studio Solution File, Format Version 11.00
# Visual Studio 2010
Project("{FAE04EC0-301F-11D3-BF4B-00C04F79EFBC}") = "Version8 copy", "Assembly-CSharp.csproj", "{FF4B53EC-6285-2A36-9EC7-DDA6A903E46F}"
EndProject
Project("{FAE04EC0-301F-11D3-BF4B-00C04F79EFBC}") = "Version8 copy", "Assembly-CSharp-Editor.csproj", "{938A3BD0-35D9-CC56-B61F-405F6A002916}"
EndProject
Global
	GlobalSection(SolutionConfigurationPlatforms) = preSolution
		Debug|Any CPU = Debug|Any CPU
		Release|Any CPU = Release|Any CPU
	EndGlobalSection
	GlobalSection(ProjectConfigurationPlatforms) = postSolution
		{FF4B53EC-6285-2A36-9EC7-DDA6A903E46F}.Debug|Any CPU.ActiveCfg = Debug|Any CPU
		{FF4B53EC-6285-2A36-9EC7-DDA6A903E46F}.Debug|Any CPU.Build.0 = Debug|Any CPU
		{FF4B53EC-6285-2A36-9EC7-DDA6A903E46F}.Release|Any CPU.ActiveCfg = Release|Any CPU
		{FF4B53EC-6285-2A36-9EC7-DDA6A903E46F}.Release|Any CPU.Build.0 = Release|Any CPU
		{938A3BD0-35D9-CC56-B61F-405F6A002916}.Debug|Any CPU.ActiveCfg = Debug|Any CPU
		{938A3BD0-35D9-CC56-B61F-405F6A002916}.Debug|Any CPU.Build.0 = Debug|Any CPU
		{938A3BD0-35D9-CC56-B61F-405F6A002916}.Release|Any CPU.ActiveCfg = Release|Any CPU
		{938A3BD0-35D9-CC56-B61F-405F6A002916}.Release|Any CPU.Build.0 = Release|Any CPU
	EndGlobalSection
	GlobalSection(SolutionProperties) = preSolution
		HideSolutionNode = FALSE
	EndGlobalSection
	GlobalSection(MonoDevelopProperties) = preSolution
		StartupItem = Assembly-CSharp.csproj
	EndGlobalSection
EndGlobal
