
Microsoft Visual Studio Solution File, Format Version 11.00
# Visual Studio 2010
Project("{FAE04EC0-301F-11D3-BF4B-00C04F79EFBC}") = "Version4", "Assembly-CSharp.csproj", "{84FA527D-51CF-2146-478B-AB399990E495}"
EndProject
Project("{FAE04EC0-301F-11D3-BF4B-00C04F79EFBC}") = "Version4", "Assembly-CSharp-Editor.csproj", "{DFB6C7B7-3F09-FB34-1130-F69602C01996}"
EndProject
Global
	GlobalSection(SolutionConfigurationPlatforms) = preSolution
		Debug|Any CPU = Debug|Any CPU
		Release|Any CPU = Release|Any CPU
	EndGlobalSection
	GlobalSection(ProjectConfigurationPlatforms) = postSolution
		{84FA527D-51CF-2146-478B-AB399990E495}.Debug|Any CPU.ActiveCfg = Debug|Any CPU
		{84FA527D-51CF-2146-478B-AB399990E495}.Debug|Any CPU.Build.0 = Debug|Any CPU
		{84FA527D-51CF-2146-478B-AB399990E495}.Release|Any CPU.ActiveCfg = Release|Any CPU
		{84FA527D-51CF-2146-478B-AB399990E495}.Release|Any CPU.Build.0 = Release|Any CPU
		{DFB6C7B7-3F09-FB34-1130-F69602C01996}.Debug|Any CPU.ActiveCfg = Debug|Any CPU
		{DFB6C7B7-3F09-FB34-1130-F69602C01996}.Debug|Any CPU.Build.0 = Debug|Any CPU
		{DFB6C7B7-3F09-FB34-1130-F69602C01996}.Release|Any CPU.ActiveCfg = Release|Any CPU
		{DFB6C7B7-3F09-FB34-1130-F69602C01996}.Release|Any CPU.Build.0 = Release|Any CPU
	EndGlobalSection
	GlobalSection(SolutionProperties) = preSolution
		HideSolutionNode = FALSE
	EndGlobalSection
	GlobalSection(MonoDevelopProperties) = preSolution
		StartupItem = Assembly-CSharp.csproj
	EndGlobalSection
EndGlobal
