
Microsoft Visual Studio Solution File, Format Version 11.00
# Visual Studio 2010
Project("{FAE04EC0-301F-11D3-BF4B-00C04F79EFBC}") = "Version2", "Assembly-CSharp.csproj", "{E47867F1-3AE5-BEA5-77DD-E8CFCF62A950}"
EndProject
Project("{FAE04EC0-301F-11D3-BF4B-00C04F79EFBC}") = "Version2", "Assembly-CSharp-Editor.csproj", "{53E27669-581C-2816-BDB9-A8CC1F63530C}"
EndProject
Global
	GlobalSection(SolutionConfigurationPlatforms) = preSolution
		Debug|Any CPU = Debug|Any CPU
		Release|Any CPU = Release|Any CPU
	EndGlobalSection
	GlobalSection(ProjectConfigurationPlatforms) = postSolution
		{E47867F1-3AE5-BEA5-77DD-E8CFCF62A950}.Debug|Any CPU.ActiveCfg = Debug|Any CPU
		{E47867F1-3AE5-BEA5-77DD-E8CFCF62A950}.Debug|Any CPU.Build.0 = Debug|Any CPU
		{E47867F1-3AE5-BEA5-77DD-E8CFCF62A950}.Release|Any CPU.ActiveCfg = Release|Any CPU
		{E47867F1-3AE5-BEA5-77DD-E8CFCF62A950}.Release|Any CPU.Build.0 = Release|Any CPU
		{53E27669-581C-2816-BDB9-A8CC1F63530C}.Debug|Any CPU.ActiveCfg = Debug|Any CPU
		{53E27669-581C-2816-BDB9-A8CC1F63530C}.Debug|Any CPU.Build.0 = Debug|Any CPU
		{53E27669-581C-2816-BDB9-A8CC1F63530C}.Release|Any CPU.ActiveCfg = Release|Any CPU
		{53E27669-581C-2816-BDB9-A8CC1F63530C}.Release|Any CPU.Build.0 = Release|Any CPU
	EndGlobalSection
	GlobalSection(SolutionProperties) = preSolution
		HideSolutionNode = FALSE
	EndGlobalSection
	GlobalSection(MonoDevelopProperties) = preSolution
		StartupItem = Assembly-CSharp.csproj
	EndGlobalSection
EndGlobal
