
Microsoft Visual Studio Solution File, Format Version 11.00
# Visual Studio 2010
Project("{FAE04EC0-301F-11D3-BF4B-00C04F79EFBC}") = "Version5", "Assembly-CSharp.csproj", "{BB87F836-2114-6432-997F-D5C72CBF52EC}"
EndProject
Project("{FAE04EC0-301F-11D3-BF4B-00C04F79EFBC}") = "Version5", "Assembly-CSharp-Editor.csproj", "{D3CAE901-9935-64F4-8DB5-6CDFF4147123}"
EndProject
Global
	GlobalSection(SolutionConfigurationPlatforms) = preSolution
		Debug|Any CPU = Debug|Any CPU
		Release|Any CPU = Release|Any CPU
	EndGlobalSection
	GlobalSection(ProjectConfigurationPlatforms) = postSolution
		{BB87F836-2114-6432-997F-D5C72CBF52EC}.Debug|Any CPU.ActiveCfg = Debug|Any CPU
		{BB87F836-2114-6432-997F-D5C72CBF52EC}.Debug|Any CPU.Build.0 = Debug|Any CPU
		{BB87F836-2114-6432-997F-D5C72CBF52EC}.Release|Any CPU.ActiveCfg = Release|Any CPU
		{BB87F836-2114-6432-997F-D5C72CBF52EC}.Release|Any CPU.Build.0 = Release|Any CPU
		{D3CAE901-9935-64F4-8DB5-6CDFF4147123}.Debug|Any CPU.ActiveCfg = Debug|Any CPU
		{D3CAE901-9935-64F4-8DB5-6CDFF4147123}.Debug|Any CPU.Build.0 = Debug|Any CPU
		{D3CAE901-9935-64F4-8DB5-6CDFF4147123}.Release|Any CPU.ActiveCfg = Release|Any CPU
		{D3CAE901-9935-64F4-8DB5-6CDFF4147123}.Release|Any CPU.Build.0 = Release|Any CPU
	EndGlobalSection
	GlobalSection(SolutionProperties) = preSolution
		HideSolutionNode = FALSE
	EndGlobalSection
	GlobalSection(MonoDevelopProperties) = preSolution
		StartupItem = Assembly-CSharp.csproj
	EndGlobalSection
EndGlobal
